
Microsoft Visual Studio Solution File, Format Version 11.00
# Visual Studio 2010
Project("{FAE04EC0-301F-11D3-BF4B-00C04F79EFBC}") = "Audiences", "Audiences\Audiences.csproj", "{A3F3215C-EC77-4036-B3A0-F8F43371B5B4}"
EndProject
Global
	GlobalSection(SolutionConfigurationPlatforms) = preSolution
		Debug|x64 = Debug|x64
		Debug|x86 = Debug|x86
		Release|x64 = Release|x64
		Release|x86 = Release|x86
	EndGlobalSection
	GlobalSection(ProjectConfigurationPlatforms) = postSolution
		{A3F3215C-EC77-4036-B3A0-F8F43371B5B4}.Debug|x64.ActiveCfg = Debug|x64
		{A3F3215C-EC77-4036-B3A0-F8F43371B5B4}.Debug|x64.Build.0 = Debug|x64
		{A3F3215C-EC77-4036-B3A0-F8F43371B5B4}.Debug|x86.ActiveCfg = Debug|x86
		{A3F3215C-EC77-4036-B3A0-F8F43371B5B4}.Debug|x86.Build.0 = Debug|x86
		{A3F3215C-EC77-4036-B3A0-F8F43371B5B4}.Release|x64.ActiveCfg = Release|x64
		{A3F3215C-EC77-4036-B3A0-F8F43371B5B4}.Release|x64.Build.0 = Release|x64
		{A3F3215C-EC77-4036-B3A0-F8F43371B5B4}.Release|x86.ActiveCfg = Release|x86
		{A3F3215C-EC77-4036-B3A0-F8F43371B5B4}.Release|x86.Build.0 = Release|x86
	EndGlobalSection
	GlobalSection(SolutionProperties) = preSolution
		HideSolutionNode = FALSE
	EndGlobalSection
EndGlobal
